
Microsoft Visual Studio Solution File, Format Version 12.00
# Visual Studio Version 16
VisualStudioVersion = 16.0.29418.71
MinimumVisualStudioVersion = 10.0.40219.1
Project("{8BC9CEB8-8B4A-11D0-8D11-00A0C91BC942}") = "AppWindow", "AppWindow\AppWindow.vcxproj", "{DB5072E9-CC64-42C5-A124-CD0E06805F9D}"
	ProjectSection(ProjectDependencies) = postProject
		{02A1D160-031C-451B-9C2C-D36A9979E8E5} = {02A1D160-031C-451B-9C2C-D36A9979E8E5}
		{43549BCA-627C-4E15-AE54-FFA51DAF5DB0} = {43549BCA-627C-4E15-AE54-FFA51DAF5DB0}
	EndProjectSection
EndProject
Project("{8BC9CEB8-8B4A-11D0-8D11-00A0C91BC942}") = "DataModel", "DataModel\DataModel.vcxproj", "{43549BCA-627C-4E15-AE54-FFA51DAF5DB0}"
	ProjectSection(ProjectDependencies) = postProject
		{E58A1A2B-B2B6-4874-A236-31ADF67A2694} = {E58A1A2B-B2B6-4874-A236-31ADF67A2694}
	EndProjectSection
EndProject
Project("{8BC9CEB8-8B4A-11D0-8D11-00A0C91BC942}") = "OpenGLView", "OpenGLView\OpenGLView.vcxproj", "{02A1D160-031C-451B-9C2C-D36A9979E8E5}"
	ProjectSection(ProjectDependencies) = postProject
		{E2EFFE36-31A5-47D6-8A4B-506501FF22CE} = {E2EFFE36-31A5-47D6-8A4B-506501FF22CE}
	EndProjectSection
EndProject
Project("{8BC9CEB8-8B4A-11D0-8D11-00A0C91BC942}") = "Scenegraph", "Scenegraph\Scenegraph.vcxproj", "{E58A1A2B-B2B6-4874-A236-31ADF67A2694}"
	ProjectSection(ProjectDependencies) = postProject
		{E2EFFE36-31A5-47D6-8A4B-506501FF22CE} = {E2EFFE36-31A5-47D6-8A4B-506501FF22CE}
	EndProjectSection
EndProject
Project("{8BC9CEB8-8B4A-11D0-8D11-00A0C91BC942}") = "OpenGLRenderer", "OpenGLRenderer\OpenGLRenderer.vcxproj", "{E2EFFE36-31A5-47D6-8A4B-506501FF22CE}"
EndProject
Global
	GlobalSection(SolutionConfigurationPlatforms) = preSolution
		Debug|x64 = Debug|x64
		Debug|x86 = Debug|x86
		Release|x64 = Release|x64
		Release|x86 = Release|x86
	EndGlobalSection
	GlobalSection(ProjectConfigurationPlatforms) = postSolution
		{DB5072E9-CC64-42C5-A124-CD0E06805F9D}.Debug|x64.ActiveCfg = Debug|x64
		{DB5072E9-CC64-42C5-A124-CD0E06805F9D}.Debug|x64.Build.0 = Debug|x64
		{DB5072E9-CC64-42C5-A124-CD0E06805F9D}.Debug|x86.ActiveCfg = Debug|Win32
		{DB5072E9-CC64-42C5-A124-CD0E06805F9D}.Debug|x86.Build.0 = Debug|Win32
		{DB5072E9-CC64-42C5-A124-CD0E06805F9D}.Release|x64.ActiveCfg = Release|x64
		{DB5072E9-CC64-42C5-A124-CD0E06805F9D}.Release|x64.Build.0 = Release|x64
		{DB5072E9-CC64-42C5-A124-CD0E06805F9D}.Release|x86.ActiveCfg = Release|Win32
		{DB5072E9-CC64-42C5-A124-CD0E06805F9D}.Release|x86.Build.0 = Release|Win32
		{43549BCA-627C-4E15-AE54-FFA51DAF5DB0}.Debug|x64.ActiveCfg = Debug|x64
		{43549BCA-627C-4E15-AE54-FFA51DAF5DB0}.Debug|x64.Build.0 = Debug|x64
		{43549BCA-627C-4E15-AE54-FFA51DAF5DB0}.Debug|x86.ActiveCfg = Debug|Win32
		{43549BCA-627C-4E15-AE54-FFA51DAF5DB0}.Debug|x86.Build.0 = Debug|Win32
		{43549BCA-627C-4E15-AE54-FFA51DAF5DB0}.Release|x64.ActiveCfg = Release|x64
		{43549BCA-627C-4E15-AE54-FFA51DAF5DB0}.Release|x64.Build.0 = Release|x64
		{43549BCA-627C-4E15-AE54-FFA51DAF5DB0}.Release|x86.ActiveCfg = Release|Win32
		{43549BCA-627C-4E15-AE54-FFA51DAF5DB0}.Release|x86.Build.0 = Release|Win32
		{02A1D160-031C-451B-9C2C-D36A9979E8E5}.Debug|x64.ActiveCfg = Debug|x64
		{02A1D160-031C-451B-9C2C-D36A9979E8E5}.Debug|x64.Build.0 = Debug|x64
		{02A1D160-031C-451B-9C2C-D36A9979E8E5}.Debug|x86.ActiveCfg = Debug|Win32
		{02A1D160-031C-451B-9C2C-D36A9979E8E5}.Debug|x86.Build.0 = Debug|Win32
		{02A1D160-031C-451B-9C2C-D36A9979E8E5}.Release|x64.ActiveCfg = Release|x64
		{02A1D160-031C-451B-9C2C-D36A9979E8E5}.Release|x64.Build.0 = Release|x64
		{02A1D160-031C-451B-9C2C-D36A9979E8E5}.Release|x86.ActiveCfg = Release|Win32
		{02A1D160-031C-451B-9C2C-D36A9979E8E5}.Release|x86.Build.0 = Release|Win32
		{E58A1A2B-B2B6-4874-A236-31ADF67A2694}.Debug|x64.ActiveCfg = Debug|x64
		{E58A1A2B-B2B6-4874-A236-31ADF67A2694}.Debug|x64.Build.0 = Debug|x64
		{E58A1A2B-B2B6-4874-A236-31ADF67A2694}.Debug|x86.ActiveCfg = Debug|Win32
		{E58A1A2B-B2B6-4874-A236-31ADF67A2694}.Debug|x86.Build.0 = Debug|Win32
		{E58A1A2B-B2B6-4874-A236-31ADF67A2694}.Release|x64.ActiveCfg = Release|x64
		{E58A1A2B-B2B6-4874-A236-31ADF67A2694}.Release|x64.Build.0 = Release|x64
		{E58A1A2B-B2B6-4874-A236-31ADF67A2694}.Release|x86.ActiveCfg = Release|Win32
		{E58A1A2B-B2B6-4874-A236-31ADF67A2694}.Release|x86.Build.0 = Release|Win32
		{E2EFFE36-31A5-47D6-8A4B-506501FF22CE}.Debug|x64.ActiveCfg = Debug|x64
		{E2EFFE36-31A5-47D6-8A4B-506501FF22CE}.Debug|x64.Build.0 = Debug|x64
		{E2EFFE36-31A5-47D6-8A4B-506501FF22CE}.Debug|x86.ActiveCfg = Debug|Win32
		{E2EFFE36-31A5-47D6-8A4B-506501FF22CE}.Debug|x86.Build.0 = Debug|Win32
		{E2EFFE36-31A5-47D6-8A4B-506501FF22CE}.Release|x64.ActiveCfg = Release|x64
		{E2EFFE36-31A5-47D6-8A4B-506501FF22CE}.Release|x64.Build.0 = Release|x64
		{E2EFFE36-31A5-47D6-8A4B-506501FF22CE}.Release|x86.ActiveCfg = Release|Win32
		{E2EFFE36-31A5-47D6-8A4B-506501FF22CE}.Release|x86.Build.0 = Release|Win32
	EndGlobalSection
	GlobalSection(SolutionProperties) = preSolution
		HideSolutionNode = FALSE
	EndGlobalSection
	GlobalSection(ExtensibilityGlobals) = postSolution
		SolutionGuid = {F37BF5C1-58E9-4D3D-A04F-2CBFC8B9B522}
	EndGlobalSection
EndGlobal
